
Microsoft Visual Studio Solution File, Format Version 12.00
# Visual Studio Version 16
VisualStudioVersion = 16.0.31624.102
MinimumVisualStudioVersion = 10.0.40219.1
Project("{FAE04EC0-301F-11D3-BF4B-00C04F79EFBC}") = "Wpf1", "Wpf1\Wpf1.csproj", "{8F1A581A-1E7E-46B9-A86C-ADCF799F9C0E}"
EndProject
Global
	GlobalSection(SolutionConfigurationPlatforms) = preSolution
		Debug|Any CPU = Debug|Any CPU
		Release|Any CPU = Release|Any CPU
	EndGlobalSection
	GlobalSection(ProjectConfigurationPlatforms) = postSolution
		{8F1A581A-1E7E-46B9-A86C-ADCF799F9C0E}.Debug|Any CPU.ActiveCfg = Debug|Any CPU
		{8F1A581A-1E7E-46B9-A86C-ADCF799F9C0E}.Debug|Any CPU.Build.0 = Debug|Any CPU
		{8F1A581A-1E7E-46B9-A86C-ADCF799F9C0E}.Release|Any CPU.ActiveCfg = Release|Any CPU
		{8F1A581A-1E7E-46B9-A86C-ADCF799F9C0E}.Release|Any CPU.Build.0 = Release|Any CPU
	EndGlobalSection
	GlobalSection(SolutionProperties) = preSolution
		HideSolutionNode = FALSE
	EndGlobalSection
	GlobalSection(ExtensibilityGlobals) = postSolution
		SolutionGuid = {A6E50A9A-0E67-4F42-BE79-C102D527B319}
	EndGlobalSection
EndGlobal
